
Microsoft Visual Studio Solution File, Format Version 12.00
# Visual Studio Version 17
VisualStudioVersion = 17.4.33110.190
MinimumVisualStudioVersion = 10.0.40219.1
Project("{FAE04EC0-301F-11D3-BF4B-00C04F79EFBC}") = "AuthServer.API", "AuthServer.API\AuthServer.API.csproj", "{A45D413F-318E-431F-AD03-54521D146AAB}"
EndProject
Project("{FAE04EC0-301F-11D3-BF4B-00C04F79EFBC}") = "AuthServer.Core", "AuthServer.Core\AuthServer.Core.csproj", "{D748C555-8A05-4314-8B7A-0181916721DA}"
EndProject
Project("{FAE04EC0-301F-11D3-BF4B-00C04F79EFBC}") = "AuthServer.Data", "AuthServer.Data\AuthServer.Data.csproj", "{FEDBF1DF-EC5C-45B5-BEAE-FB8AEE0AA7B3}"
EndProject
Project("{FAE04EC0-301F-11D3-BF4B-00C04F79EFBC}") = "AuthServer.Service", "AuthServer.Service\AuthServer.Service.csproj", "{84A69E44-8189-4E8E-AFAB-A0BD887C8567}"
EndProject
Project("{FAE04EC0-301F-11D3-BF4B-00C04F79EFBC}") = "MiniApp1.API", "MiniApp1.API\MiniApp1.API.csproj", "{C1FB1371-CDF1-4CB6-BE0D-BE4089475E2F}"
EndProject
Project("{FAE04EC0-301F-11D3-BF4B-00C04F79EFBC}") = "MiniApp2.API", "MiniApp2.API\MiniApp2.API.csproj", "{CBF3A61E-2B67-447C-825C-BDD8DF6A8D74}"
EndProject
Project("{FAE04EC0-301F-11D3-BF4B-00C04F79EFBC}") = "MiniApp3.API", "MiniApp3.API\MiniApp3.API.csproj", "{87753836-F869-4A52-A343-693DBEBA4CFA}"
EndProject
Project("{FAE04EC0-301F-11D3-BF4B-00C04F79EFBC}") = "SharedLibrary", "SharedLibrary\SharedLibrary.csproj", "{3D2B5F1A-808B-45BD-9DED-79B67E36226B}"
EndProject
Global
	GlobalSection(SolutionConfigurationPlatforms) = preSolution
		Debug|Any CPU = Debug|Any CPU
		Release|Any CPU = Release|Any CPU
	EndGlobalSection
	GlobalSection(ProjectConfigurationPlatforms) = postSolution
		{A45D413F-318E-431F-AD03-54521D146AAB}.Debug|Any CPU.ActiveCfg = Debug|Any CPU
		{A45D413F-318E-431F-AD03-54521D146AAB}.Debug|Any CPU.Build.0 = Debug|Any CPU
		{A45D413F-318E-431F-AD03-54521D146AAB}.Release|Any CPU.ActiveCfg = Release|Any CPU
		{A45D413F-318E-431F-AD03-54521D146AAB}.Release|Any CPU.Build.0 = Release|Any CPU
		{D748C555-8A05-4314-8B7A-0181916721DA}.Debug|Any CPU.ActiveCfg = Debug|Any CPU
		{D748C555-8A05-4314-8B7A-0181916721DA}.Debug|Any CPU.Build.0 = Debug|Any CPU
		{D748C555-8A05-4314-8B7A-0181916721DA}.Release|Any CPU.ActiveCfg = Release|Any CPU
		{D748C555-8A05-4314-8B7A-0181916721DA}.Release|Any CPU.Build.0 = Release|Any CPU
		{FEDBF1DF-EC5C-45B5-BEAE-FB8AEE0AA7B3}.Debug|Any CPU.ActiveCfg = Debug|Any CPU
		{FEDBF1DF-EC5C-45B5-BEAE-FB8AEE0AA7B3}.Debug|Any CPU.Build.0 = Debug|Any CPU
		{FEDBF1DF-EC5C-45B5-BEAE-FB8AEE0AA7B3}.Release|Any CPU.ActiveCfg = Release|Any CPU
		{FEDBF1DF-EC5C-45B5-BEAE-FB8AEE0AA7B3}.Release|Any CPU.Build.0 = Release|Any CPU
		{84A69E44-8189-4E8E-AFAB-A0BD887C8567}.Debug|Any CPU.ActiveCfg = Debug|Any CPU
		{84A69E44-8189-4E8E-AFAB-A0BD887C8567}.Debug|Any CPU.Build.0 = Debug|Any CPU
		{84A69E44-8189-4E8E-AFAB-A0BD887C8567}.Release|Any CPU.ActiveCfg = Release|Any CPU
		{84A69E44-8189-4E8E-AFAB-A0BD887C8567}.Release|Any CPU.Build.0 = Release|Any CPU
		{C1FB1371-CDF1-4CB6-BE0D-BE4089475E2F}.Debug|Any CPU.ActiveCfg = Debug|Any CPU
		{C1FB1371-CDF1-4CB6-BE0D-BE4089475E2F}.Debug|Any CPU.Build.0 = Debug|Any CPU
		{C1FB1371-CDF1-4CB6-BE0D-BE4089475E2F}.Release|Any CPU.ActiveCfg = Release|Any CPU
		{C1FB1371-CDF1-4CB6-BE0D-BE4089475E2F}.Release|Any CPU.Build.0 = Release|Any CPU
		{CBF3A61E-2B67-447C-825C-BDD8DF6A8D74}.Debug|Any CPU.ActiveCfg = Debug|Any CPU
		{CBF3A61E-2B67-447C-825C-BDD8DF6A8D74}.Debug|Any CPU.Build.0 = Debug|Any CPU
		{CBF3A61E-2B67-447C-825C-BDD8DF6A8D74}.Release|Any CPU.ActiveCfg = Release|Any CPU
		{CBF3A61E-2B67-447C-825C-BDD8DF6A8D74}.Release|Any CPU.Build.0 = Release|Any CPU
		{87753836-F869-4A52-A343-693DBEBA4CFA}.Debug|Any CPU.ActiveCfg = Debug|Any CPU
		{87753836-F869-4A52-A343-693DBEBA4CFA}.Debug|Any CPU.Build.0 = Debug|Any CPU
		{87753836-F869-4A52-A343-693DBEBA4CFA}.Release|Any CPU.ActiveCfg = Release|Any CPU
		{87753836-F869-4A52-A343-693DBEBA4CFA}.Release|Any CPU.Build.0 = Release|Any CPU
		{3D2B5F1A-808B-45BD-9DED-79B67E36226B}.Debug|Any CPU.ActiveCfg = Debug|Any CPU
		{3D2B5F1A-808B-45BD-9DED-79B67E36226B}.Debug|Any CPU.Build.0 = Debug|Any CPU
		{3D2B5F1A-808B-45BD-9DED-79B67E36226B}.Release|Any CPU.ActiveCfg = Release|Any CPU
		{3D2B5F1A-808B-45BD-9DED-79B67E36226B}.Release|Any CPU.Build.0 = Release|Any CPU
	EndGlobalSection
	GlobalSection(SolutionProperties) = preSolution
		HideSolutionNode = FALSE
	EndGlobalSection
	GlobalSection(ExtensibilityGlobals) = postSolution
		SolutionGuid = {E279D36E-5852-4751-A967-831A2D36FA95}
	EndGlobalSection
EndGlobal
