
Microsoft Visual Studio Solution File, Format Version 12.00
# Visual Studio Version 17
VisualStudioVersion = 17.4.33110.190
MinimumVisualStudioVersion = 10.0.40219.1
Project("{9A19103F-16F7-4668-BE54-9A1E7A4F7556}") = "AuthServer.API", "AuthServer.API\AuthServer.API.csproj", "{A45D413F-318E-431F-AD03-54521D146AAB}"
EndProject
Project("{9A19103F-16F7-4668-BE54-9A1E7A4F7556}") = "AuthServer.Core", "AuthServer.Core\AuthServer.Core.csproj", "{D748C555-8A05-4314-8B7A-0181916721DA}"
EndProject
Project("{9A19103F-16F7-4668-BE54-9A1E7A4F7556}") = "AuthServer.Data", "AuthServer.Data\AuthServer.Data.csproj", "{FEDBF1DF-EC5C-45B5-BEAE-FB8AEE0AA7B3}"
EndProject
Project("{9A19103F-16F7-4668-BE54-9A1E7A4F7556}") = "AuthServer.Service", "AuthServer.Service\AuthServer.Service.csproj", "{84A69E44-8189-4E8E-AFAB-A0BD887C8567}"
EndProject
Project("{9A19103F-16F7-4668-BE54-9A1E7A4F7556}") = "MiniApp1.API", "MiniApp1.API\MiniApp1.API.csproj", "{C1FB1371-CDF1-4CB6-BE0D-BE4089475E2F}"
EndProject
Project("{9A19103F-16F7-4668-BE54-9A1E7A4F7556}") = "MiniApp2.API", "MiniApp2.API\MiniApp2.API.csproj", "{CBF3A61E-2B67-447C-825C-BDD8DF6A8D74}"
EndProject
Project("{9A19103F-16F7-4668-BE54-9A1E7A4F7556}") = "MiniApp3.API", "MiniApp3.API\MiniApp3.API.csproj", "{87753836-F869-4A52-A343-693DBEBA4CFA}"
EndProject
Project("{9A19103F-16F7-4668-BE54-9A1E7A4F7556}") = "SharedLibrary", "SharedLibrary\SharedLibrary.csproj", "{3D2B5F1A-808B-45BD-9DED-79B67E36226B}"
EndProject
Project("{9A19103F-16F7-4668-BE54-9A1E7A4F7556}") = "MiniApp4.API", "MiniApp4.API\MiniApp4.API.csproj", "{A3A34DF4-7F99-4591-8A7E-BD04A39A6D71}"
EndProject
Project("{9A19103F-16F7-4668-BE54-9A1E7A4F7556}") = "MiniApp4.Core", "MiniApp4.Core\MiniApp4.Core.csproj", "{A9D01E5A-7658-4704-8160-1606D7086E0D}"
EndProject
Project("{9A19103F-16F7-4668-BE54-9A1E7A4F7556}") = "MiniApp4.Data", "MiniApp4.Data\MiniApp4.Data.csproj", "{161BEDE3-9283-494E-BB19-B4C7A4152657}"
EndProject
Project("{9A19103F-16F7-4668-BE54-9A1E7A4F7556}") = "MiniApp4.Service", "MiniApp4.Service\MiniApp4.Service.csproj", "{0D259023-1E98-45CA-AB8E-130336FAE8A8}"
EndProject
Project("{9A19103F-16F7-4668-BE54-9A1E7A4F7556}") = "MiniApp3.Core", "MiniApp3.Core\MiniApp3.Core.csproj", "{574BE00B-12B3-47DC-8B69-3098D8EBB42E}"
EndProject
Project("{9A19103F-16F7-4668-BE54-9A1E7A4F7556}") = "MiniApp3.Data", "MiniApp3.Data\MiniApp3.Data.csproj", "{6882480C-AD3A-43D0-AE66-116E980F6DE2}"
EndProject
Project("{9A19103F-16F7-4668-BE54-9A1E7A4F7556}") = "MiniApp3.Service", "MiniApp3.Service\MiniApp3.Service.csproj", "{48A824E9-8D1E-4F92-A516-B3CEF48A967A}"
EndProject
Project("{FAE04EC0-301F-11D3-BF4B-00C04F79EFBC}") = "MiniApp1.Core", "MiniApp1.Core\MiniApp1.Core.csproj", "{77F06C7E-CAB5-4F24-B9AA-CB9BF3C2A26D}"
EndProject
Project("{FAE04EC0-301F-11D3-BF4B-00C04F79EFBC}") = "MiniApp1.Data", "MiniApp1.Data\MiniApp1.Data.csproj", "{42A7F33B-52A1-4856-B92D-6CC00C9CD008}"
EndProject
Project("{FAE04EC0-301F-11D3-BF4B-00C04F79EFBC}") = "MiniApp1.Service", "MiniApp1.Service\MiniApp1.Service.csproj", "{BED80F68-FEF3-4D69-9E88-94C73FF538CF}"
EndProject
Project("{FAE04EC0-301F-11D3-BF4B-00C04F79EFBC}") = "MiniApp2.Core", "MiniApp2.Core\MiniApp2.Core.csproj", "{A19989B7-5D07-4A33-88DE-C511601D3D10}"
EndProject
Project("{FAE04EC0-301F-11D3-BF4B-00C04F79EFBC}") = "MiniApp2.Data", "MiniApp2.Data\MiniApp2.Data.csproj", "{6F2D96EF-70AC-4CA4-ACDE-59CAACE24929}"
EndProject
Project("{FAE04EC0-301F-11D3-BF4B-00C04F79EFBC}") = "MiniApp2.Service", "MiniApp2.Service\MiniApp2.Service.csproj", "{B2FAEA01-788B-404B-83E6-F253C56E681A}"
EndProject
Global
	GlobalSection(SolutionConfigurationPlatforms) = preSolution
		Debug|Any CPU = Debug|Any CPU
		Release|Any CPU = Release|Any CPU
	EndGlobalSection
	GlobalSection(ProjectConfigurationPlatforms) = postSolution
		{A45D413F-318E-431F-AD03-54521D146AAB}.Debug|Any CPU.ActiveCfg = Debug|Any CPU
		{A45D413F-318E-431F-AD03-54521D146AAB}.Debug|Any CPU.Build.0 = Debug|Any CPU
		{A45D413F-318E-431F-AD03-54521D146AAB}.Release|Any CPU.ActiveCfg = Release|Any CPU
		{A45D413F-318E-431F-AD03-54521D146AAB}.Release|Any CPU.Build.0 = Release|Any CPU
		{D748C555-8A05-4314-8B7A-0181916721DA}.Debug|Any CPU.ActiveCfg = Debug|Any CPU
		{D748C555-8A05-4314-8B7A-0181916721DA}.Debug|Any CPU.Build.0 = Debug|Any CPU
		{D748C555-8A05-4314-8B7A-0181916721DA}.Release|Any CPU.ActiveCfg = Release|Any CPU
		{D748C555-8A05-4314-8B7A-0181916721DA}.Release|Any CPU.Build.0 = Release|Any CPU
		{FEDBF1DF-EC5C-45B5-BEAE-FB8AEE0AA7B3}.Debug|Any CPU.ActiveCfg = Debug|Any CPU
		{FEDBF1DF-EC5C-45B5-BEAE-FB8AEE0AA7B3}.Debug|Any CPU.Build.0 = Debug|Any CPU
		{FEDBF1DF-EC5C-45B5-BEAE-FB8AEE0AA7B3}.Release|Any CPU.ActiveCfg = Release|Any CPU
		{FEDBF1DF-EC5C-45B5-BEAE-FB8AEE0AA7B3}.Release|Any CPU.Build.0 = Release|Any CPU
		{84A69E44-8189-4E8E-AFAB-A0BD887C8567}.Debug|Any CPU.ActiveCfg = Debug|Any CPU
		{84A69E44-8189-4E8E-AFAB-A0BD887C8567}.Debug|Any CPU.Build.0 = Debug|Any CPU
		{84A69E44-8189-4E8E-AFAB-A0BD887C8567}.Release|Any CPU.ActiveCfg = Release|Any CPU
		{84A69E44-8189-4E8E-AFAB-A0BD887C8567}.Release|Any CPU.Build.0 = Release|Any CPU
		{C1FB1371-CDF1-4CB6-BE0D-BE4089475E2F}.Debug|Any CPU.ActiveCfg = Debug|Any CPU
		{C1FB1371-CDF1-4CB6-BE0D-BE4089475E2F}.Debug|Any CPU.Build.0 = Debug|Any CPU
		{C1FB1371-CDF1-4CB6-BE0D-BE4089475E2F}.Release|Any CPU.ActiveCfg = Release|Any CPU
		{C1FB1371-CDF1-4CB6-BE0D-BE4089475E2F}.Release|Any CPU.Build.0 = Release|Any CPU
		{CBF3A61E-2B67-447C-825C-BDD8DF6A8D74}.Debug|Any CPU.ActiveCfg = Debug|Any CPU
		{CBF3A61E-2B67-447C-825C-BDD8DF6A8D74}.Debug|Any CPU.Build.0 = Debug|Any CPU
		{CBF3A61E-2B67-447C-825C-BDD8DF6A8D74}.Release|Any CPU.ActiveCfg = Release|Any CPU
		{CBF3A61E-2B67-447C-825C-BDD8DF6A8D74}.Release|Any CPU.Build.0 = Release|Any CPU
		{87753836-F869-4A52-A343-693DBEBA4CFA}.Debug|Any CPU.ActiveCfg = Debug|Any CPU
		{87753836-F869-4A52-A343-693DBEBA4CFA}.Debug|Any CPU.Build.0 = Debug|Any CPU
		{87753836-F869-4A52-A343-693DBEBA4CFA}.Release|Any CPU.ActiveCfg = Release|Any CPU
		{87753836-F869-4A52-A343-693DBEBA4CFA}.Release|Any CPU.Build.0 = Release|Any CPU
		{3D2B5F1A-808B-45BD-9DED-79B67E36226B}.Debug|Any CPU.ActiveCfg = Debug|Any CPU
		{3D2B5F1A-808B-45BD-9DED-79B67E36226B}.Debug|Any CPU.Build.0 = Debug|Any CPU
		{3D2B5F1A-808B-45BD-9DED-79B67E36226B}.Release|Any CPU.ActiveCfg = Release|Any CPU
		{3D2B5F1A-808B-45BD-9DED-79B67E36226B}.Release|Any CPU.Build.0 = Release|Any CPU
		{A3A34DF4-7F99-4591-8A7E-BD04A39A6D71}.Debug|Any CPU.ActiveCfg = Debug|Any CPU
		{A3A34DF4-7F99-4591-8A7E-BD04A39A6D71}.Debug|Any CPU.Build.0 = Debug|Any CPU
		{A3A34DF4-7F99-4591-8A7E-BD04A39A6D71}.Release|Any CPU.ActiveCfg = Release|Any CPU
		{A3A34DF4-7F99-4591-8A7E-BD04A39A6D71}.Release|Any CPU.Build.0 = Release|Any CPU
		{A9D01E5A-7658-4704-8160-1606D7086E0D}.Debug|Any CPU.ActiveCfg = Debug|Any CPU
		{A9D01E5A-7658-4704-8160-1606D7086E0D}.Debug|Any CPU.Build.0 = Debug|Any CPU
		{A9D01E5A-7658-4704-8160-1606D7086E0D}.Release|Any CPU.ActiveCfg = Release|Any CPU
		{A9D01E5A-7658-4704-8160-1606D7086E0D}.Release|Any CPU.Build.0 = Release|Any CPU
		{161BEDE3-9283-494E-BB19-B4C7A4152657}.Debug|Any CPU.ActiveCfg = Debug|Any CPU
		{161BEDE3-9283-494E-BB19-B4C7A4152657}.Debug|Any CPU.Build.0 = Debug|Any CPU
		{161BEDE3-9283-494E-BB19-B4C7A4152657}.Release|Any CPU.ActiveCfg = Release|Any CPU
		{161BEDE3-9283-494E-BB19-B4C7A4152657}.Release|Any CPU.Build.0 = Release|Any CPU
		{0D259023-1E98-45CA-AB8E-130336FAE8A8}.Debug|Any CPU.ActiveCfg = Debug|Any CPU
		{0D259023-1E98-45CA-AB8E-130336FAE8A8}.Debug|Any CPU.Build.0 = Debug|Any CPU
		{0D259023-1E98-45CA-AB8E-130336FAE8A8}.Release|Any CPU.ActiveCfg = Release|Any CPU
		{0D259023-1E98-45CA-AB8E-130336FAE8A8}.Release|Any CPU.Build.0 = Release|Any CPU
		{574BE00B-12B3-47DC-8B69-3098D8EBB42E}.Debug|Any CPU.ActiveCfg = Debug|Any CPU
		{574BE00B-12B3-47DC-8B69-3098D8EBB42E}.Debug|Any CPU.Build.0 = Debug|Any CPU
		{574BE00B-12B3-47DC-8B69-3098D8EBB42E}.Release|Any CPU.ActiveCfg = Release|Any CPU
		{574BE00B-12B3-47DC-8B69-3098D8EBB42E}.Release|Any CPU.Build.0 = Release|Any CPU
		{6882480C-AD3A-43D0-AE66-116E980F6DE2}.Debug|Any CPU.ActiveCfg = Debug|Any CPU
		{6882480C-AD3A-43D0-AE66-116E980F6DE2}.Debug|Any CPU.Build.0 = Debug|Any CPU
		{6882480C-AD3A-43D0-AE66-116E980F6DE2}.Release|Any CPU.ActiveCfg = Release|Any CPU
		{6882480C-AD3A-43D0-AE66-116E980F6DE2}.Release|Any CPU.Build.0 = Release|Any CPU
		{48A824E9-8D1E-4F92-A516-B3CEF48A967A}.Debug|Any CPU.ActiveCfg = Debug|Any CPU
		{48A824E9-8D1E-4F92-A516-B3CEF48A967A}.Debug|Any CPU.Build.0 = Debug|Any CPU
		{48A824E9-8D1E-4F92-A516-B3CEF48A967A}.Release|Any CPU.ActiveCfg = Release|Any CPU
		{48A824E9-8D1E-4F92-A516-B3CEF48A967A}.Release|Any CPU.Build.0 = Release|Any CPU
		{77F06C7E-CAB5-4F24-B9AA-CB9BF3C2A26D}.Debug|Any CPU.ActiveCfg = Debug|Any CPU
		{77F06C7E-CAB5-4F24-B9AA-CB9BF3C2A26D}.Debug|Any CPU.Build.0 = Debug|Any CPU
		{77F06C7E-CAB5-4F24-B9AA-CB9BF3C2A26D}.Release|Any CPU.ActiveCfg = Release|Any CPU
		{77F06C7E-CAB5-4F24-B9AA-CB9BF3C2A26D}.Release|Any CPU.Build.0 = Release|Any CPU
		{42A7F33B-52A1-4856-B92D-6CC00C9CD008}.Debug|Any CPU.ActiveCfg = Debug|Any CPU
		{42A7F33B-52A1-4856-B92D-6CC00C9CD008}.Debug|Any CPU.Build.0 = Debug|Any CPU
		{42A7F33B-52A1-4856-B92D-6CC00C9CD008}.Release|Any CPU.ActiveCfg = Release|Any CPU
		{42A7F33B-52A1-4856-B92D-6CC00C9CD008}.Release|Any CPU.Build.0 = Release|Any CPU
		{BED80F68-FEF3-4D69-9E88-94C73FF538CF}.Debug|Any CPU.ActiveCfg = Debug|Any CPU
		{BED80F68-FEF3-4D69-9E88-94C73FF538CF}.Debug|Any CPU.Build.0 = Debug|Any CPU
		{BED80F68-FEF3-4D69-9E88-94C73FF538CF}.Release|Any CPU.ActiveCfg = Release|Any CPU
		{BED80F68-FEF3-4D69-9E88-94C73FF538CF}.Release|Any CPU.Build.0 = Release|Any CPU
		{A19989B7-5D07-4A33-88DE-C511601D3D10}.Debug|Any CPU.ActiveCfg = Debug|Any CPU
		{A19989B7-5D07-4A33-88DE-C511601D3D10}.Debug|Any CPU.Build.0 = Debug|Any CPU
		{A19989B7-5D07-4A33-88DE-C511601D3D10}.Release|Any CPU.ActiveCfg = Release|Any CPU
		{A19989B7-5D07-4A33-88DE-C511601D3D10}.Release|Any CPU.Build.0 = Release|Any CPU
		{6F2D96EF-70AC-4CA4-ACDE-59CAACE24929}.Debug|Any CPU.ActiveCfg = Debug|Any CPU
		{6F2D96EF-70AC-4CA4-ACDE-59CAACE24929}.Debug|Any CPU.Build.0 = Debug|Any CPU
		{6F2D96EF-70AC-4CA4-ACDE-59CAACE24929}.Release|Any CPU.ActiveCfg = Release|Any CPU
		{6F2D96EF-70AC-4CA4-ACDE-59CAACE24929}.Release|Any CPU.Build.0 = Release|Any CPU
		{B2FAEA01-788B-404B-83E6-F253C56E681A}.Debug|Any CPU.ActiveCfg = Debug|Any CPU
		{B2FAEA01-788B-404B-83E6-F253C56E681A}.Debug|Any CPU.Build.0 = Debug|Any CPU
		{B2FAEA01-788B-404B-83E6-F253C56E681A}.Release|Any CPU.ActiveCfg = Release|Any CPU
		{B2FAEA01-788B-404B-83E6-F253C56E681A}.Release|Any CPU.Build.0 = Release|Any CPU
	EndGlobalSection
	GlobalSection(SolutionProperties) = preSolution
		HideSolutionNode = FALSE
	EndGlobalSection
	GlobalSection(ExtensibilityGlobals) = postSolution
		SolutionGuid = {E279D36E-5852-4751-A967-831A2D36FA95}
	EndGlobalSection
EndGlobal
